{
  "pins" : [
    {
      "identity" : "bettersafariview",
      "kind" : "remoteSourceControl",
      "location" : "https://github.com/stleamist/BetterSafariView.git",
      "state" : {
        "revision" : "dffd42bc70287e761979bc81dd278db5c80f0deb",
        "version" : "2.4.1"
      }
    },
    {
      "identity" : "terraios",
      "kind" : "remoteSourceControl",
      "location" : "https://github.com/tryterra/TerraiOS.git",
      "state" : {
        "revision" : "7d1dc21f973a05c7f1295f83982e57eede25e93d",
        "version" : "1.3.4"
      }
    }
  ],
  "version" : 2
}
