{
  "pins" : [
    {
      "identity" : "stepssdk",
      "kind" : "remoteSourceControl",
      "location" : "https://github.com/oceanleaf/StepsSDK",
      "state" : {
        "branch" : "stepSDK_Setup",
        "revision" : "723799d8964186fcc0716943606ef7eb5e4dbeb0"
      }
    },
    {
      "identity" : "terraios",
      "kind" : "remoteSourceControl",
      "location" : "https://github.com/tryterra/TerraiOS.git",
      "state" : {
        "revision" : "7d1dc21f973a05c7f1295f83982e57eede25e93d",
        "version" : "1.3.4"
      }
    }
  ],
  "version" : 2
}
